
Microsoft Visual Studio Solution File, Format Version 12.00
# Visual Studio Version 17
VisualStudioVersion = 17.1.32421.90
MinimumVisualStudioVersion = 10.0.40219.1
Project("{FAE04EC0-301F-11D3-BF4B-00C04F79EFBC}") = "AnagramOrnot1", "AnagramOrnot1.csproj", "{468FEDC2-CDA8-4445-972E-4CE773314042}"
EndProject
Global
	GlobalSection(SolutionConfigurationPlatforms) = preSolution
		Debug|Any CPU = Debug|Any CPU
		Release|Any CPU = Release|Any CPU
	EndGlobalSection
	GlobalSection(ProjectConfigurationPlatforms) = postSolution
		{468FEDC2-CDA8-4445-972E-4CE773314042}.Debug|Any CPU.ActiveCfg = Debug|Any CPU
		{468FEDC2-CDA8-4445-972E-4CE773314042}.Debug|Any CPU.Build.0 = Debug|Any CPU
		{468FEDC2-CDA8-4445-972E-4CE773314042}.Release|Any CPU.ActiveCfg = Release|Any CPU
		{468FEDC2-CDA8-4445-972E-4CE773314042}.Release|Any CPU.Build.0 = Release|Any CPU
	EndGlobalSection
	GlobalSection(SolutionProperties) = preSolution
		HideSolutionNode = FALSE
	EndGlobalSection
	GlobalSection(ExtensibilityGlobals) = postSolution
		SolutionGuid = {9D448A54-E399-4865-A75E-2771C8A64C88}
	EndGlobalSection
EndGlobal
